
Microsoft Visual Studio Solution File, Format Version 12.00
# Visual Studio Version 17
VisualStudioVersion = 17.4.33213.308
MinimumVisualStudioVersion = 10.0.40219.1
Project("{FAE04EC0-301F-11D3-BF4B-00C04F79EFBC}") = "CQRSAndDDD_POC", "CQRSAndDDD_POC\CQRSAndDDD_POC.csproj", "{EB8C02CE-1C35-4B3E-B3A1-65DFD9C7308E}"
EndProject
Project("{FAE04EC0-301F-11D3-BF4B-00C04F79EFBC}") = "CQRSAndDDD.Domain", "CQRSAndDDD.Domain\CQRSAndDDD.Domain.csproj", "{BE980A78-2F8C-420D-9AA7-DDFA6CF0C4C9}"
EndProject
Project("{FAE04EC0-301F-11D3-BF4B-00C04F79EFBC}") = "CQRSAndDDD.App", "CQRSAndDDD.App\CQRSAndDDD.App.csproj", "{A33865A4-2CCA-402E-B760-108D05E53C6B}"
EndProject
Project("{FAE04EC0-301F-11D3-BF4B-00C04F79EFBC}") = "CQRSAndDDD.Infrastrucure", "CQRSAndDDD.Infrastrucure\CQRSAndDDD.Infrastrucure.csproj", "{336CEEF0-4AFF-4991-8196-12070AAD7D30}"
EndProject
Global
	GlobalSection(SolutionConfigurationPlatforms) = preSolution
		Debug|Any CPU = Debug|Any CPU
		Release|Any CPU = Release|Any CPU
	EndGlobalSection
	GlobalSection(ProjectConfigurationPlatforms) = postSolution
		{EB8C02CE-1C35-4B3E-B3A1-65DFD9C7308E}.Debug|Any CPU.ActiveCfg = Debug|Any CPU
		{EB8C02CE-1C35-4B3E-B3A1-65DFD9C7308E}.Debug|Any CPU.Build.0 = Debug|Any CPU
		{EB8C02CE-1C35-4B3E-B3A1-65DFD9C7308E}.Release|Any CPU.ActiveCfg = Release|Any CPU
		{EB8C02CE-1C35-4B3E-B3A1-65DFD9C7308E}.Release|Any CPU.Build.0 = Release|Any CPU
		{BE980A78-2F8C-420D-9AA7-DDFA6CF0C4C9}.Debug|Any CPU.ActiveCfg = Debug|Any CPU
		{BE980A78-2F8C-420D-9AA7-DDFA6CF0C4C9}.Debug|Any CPU.Build.0 = Debug|Any CPU
		{BE980A78-2F8C-420D-9AA7-DDFA6CF0C4C9}.Release|Any CPU.ActiveCfg = Release|Any CPU
		{BE980A78-2F8C-420D-9AA7-DDFA6CF0C4C9}.Release|Any CPU.Build.0 = Release|Any CPU
		{A33865A4-2CCA-402E-B760-108D05E53C6B}.Debug|Any CPU.ActiveCfg = Debug|Any CPU
		{A33865A4-2CCA-402E-B760-108D05E53C6B}.Debug|Any CPU.Build.0 = Debug|Any CPU
		{A33865A4-2CCA-402E-B760-108D05E53C6B}.Release|Any CPU.ActiveCfg = Release|Any CPU
		{A33865A4-2CCA-402E-B760-108D05E53C6B}.Release|Any CPU.Build.0 = Release|Any CPU
		{336CEEF0-4AFF-4991-8196-12070AAD7D30}.Debug|Any CPU.ActiveCfg = Debug|Any CPU
		{336CEEF0-4AFF-4991-8196-12070AAD7D30}.Debug|Any CPU.Build.0 = Debug|Any CPU
		{336CEEF0-4AFF-4991-8196-12070AAD7D30}.Release|Any CPU.ActiveCfg = Release|Any CPU
		{336CEEF0-4AFF-4991-8196-12070AAD7D30}.Release|Any CPU.Build.0 = Release|Any CPU
	EndGlobalSection
	GlobalSection(SolutionProperties) = preSolution
		HideSolutionNode = FALSE
	EndGlobalSection
	GlobalSection(ExtensibilityGlobals) = postSolution
		SolutionGuid = {A884AF81-2E27-459A-B75E-BBC34A7DCAE6}
	EndGlobalSection
EndGlobal
